
Microsoft Visual Studio Solution File, Format Version 12.00
# Visual Studio Version 17
VisualStudioVersion = 17.7.34221.43
MinimumVisualStudioVersion = 10.0.40219.1
Project("{FAE04EC0-301F-11D3-BF4B-00C04F79EFBC}") = "memory_game", "memory_game.csproj", "{50DFCF78-099C-47B6-8E7E-A8D6438AEA53}"
EndProject
Global
	GlobalSection(SolutionConfigurationPlatforms) = preSolution
		Debug|Any CPU = Debug|Any CPU
		Release|Any CPU = Release|Any CPU
	EndGlobalSection
	GlobalSection(ProjectConfigurationPlatforms) = postSolution
		{50DFCF78-099C-47B6-8E7E-A8D6438AEA53}.Debug|Any CPU.ActiveCfg = Debug|Any CPU
		{50DFCF78-099C-47B6-8E7E-A8D6438AEA53}.Debug|Any CPU.Build.0 = Debug|Any CPU
		{50DFCF78-099C-47B6-8E7E-A8D6438AEA53}.Release|Any CPU.ActiveCfg = Release|Any CPU
		{50DFCF78-099C-47B6-8E7E-A8D6438AEA53}.Release|Any CPU.Build.0 = Release|Any CPU
	EndGlobalSection
	GlobalSection(SolutionProperties) = preSolution
		HideSolutionNode = FALSE
	EndGlobalSection
	GlobalSection(ExtensibilityGlobals) = postSolution
		SolutionGuid = {ACDDB0E7-D178-43BC-A397-4D1EFC175811}
	EndGlobalSection
EndGlobal
